
Microsoft Visual Studio Solution File, Format Version 12.00
Project("{2150E333-8FDC-42A3-9474-1A3956D46DE8}") = "src", "src", "{BFCF3A9A-3B1F-4A4B-BE3D-86F8E3F6C383}"
EndProject
Project("{2150E333-8FDC-42A3-9474-1A3956D46DE8}") = "Core", "Core", "{5C3C1BF4-8E1D-4C9B-B2A3-76CECD8E5337}"
EndProject
Project("{2150E333-8FDC-42A3-9474-1A3956D46DE8}") = "Infrastructure", "Infrastructure", "{E7A2C8F5-A3F5-4E7B-A9E5-8F3C3F5E6B9A}"
EndProject
Project("{2150E333-8FDC-42A3-9474-1A3956D46DE8}") = "Presentation", "Presentation", "{D4C2F2C1-8F5D-4E7B-A9E5-8F3C3F5E6B9A}"
EndProject
Project("{FAE04EC0-301F-11D3-BF4B-00C04F79EFBC}") = "ECommerce.Domain", "src\Core\ECommerce.Domain\ECommerce.Domain.csproj", "{D4C2F2C1-8F5D-4E7B-A9E5-8F3C3F5E6B9B}"
EndProject
Project("{FAE04EC0-301F-11D3-BF4B-00C04F79EFBC}") = "ECommerce.Application", "src\Core\ECommerce.Application\ECommerce.Application.csproj", "{D4C2F2C1-8F5D-4E7B-A9E5-8F3C3F5E6B9C}"
EndProject
Project("{2150E333-8FDC-42A3-9474-1A3956D46DE8}") = "tests", "tests", "{D4C2F2C1-8F5D-4E7B-A9E5-8F3C3F5E6B12}"
EndProject
Project("{FAE04EC0-301F-11D3-BF4B-00C04F79EFBC}") = "ECommerce.AuthServer", "src\Infrastructure\ECommerce.AuthServer\ECommerce.AuthServer.csproj", "{45D894F8-26ED-4BF2-AB79-7BF56C10FA0A}"
EndProject
Project("{FAE04EC0-301F-11D3-BF4B-00C04F79EFBC}") = "ECommerce.Infrastructure", "src\Infrastructure\ECommerce.Infrastructure\ECommerce.Infrastructure.csproj", "{B79867C7-F2BF-4D2E-80CE-AA263DB84E54}"
EndProject
Project("{FAE04EC0-301F-11D3-BF4B-00C04F79EFBC}") = "ECommerce.Persistence", "src\Infrastructure\ECommerce.Persistence\ECommerce.Persistence.csproj", "{55E9995F-5B44-403F-8A5D-47F3A0577BD3}"
EndProject
Project("{FAE04EC0-301F-11D3-BF4B-00C04F79EFBC}") = "ECommerce.SharedKernel", "src\Core\ECommerce.SharedKernel\ECommerce.SharedKernel.csproj", "{BB407D70-6F54-4F50-8B81-7D429616D488}"
EndProject
Project("{FAE04EC0-301F-11D3-BF4B-00C04F79EFBC}") = "ECommerce.WebAPI", "src\Presentation\ECommerce.WebAPI\ECommerce.WebAPI.csproj", "{90AA925D-A8A2-456A-929F-0D16F05FFA96}"
EndProject
Project("{FAE04EC0-301F-11D3-BF4B-00C04F79EFBC}") = "ECommerce.Application.UnitTests", "tests\ECommerce.Application.UnitTests\ECommerce.Application.UnitTests.csproj", "{4F1299E1-0D07-4E5E-B55D-FB3D4BA5F076}"
EndProject
Project("{FAE04EC0-301F-11D3-BF4B-00C04F79EFBC}") = "ECommerce.Domain.UnitTests", "tests\ECommerce.Domain.UnitTests\ECommerce.Domain.UnitTests.csproj", "{4A73F856-E441-49B5-8C49-FCAEABA52F51}"
EndProject
Project("{FAE04EC0-301F-11D3-BF4B-00C04F79EFBC}") = "ECommerce.Infrastructure.IntegrationTests", "tests\ECommerce.Infrastructure.IntegrationTests\ECommerce.Infrastructure.IntegrationTests.csproj", "{FEB4B4AB-E5AC-428D-832D-5B96580B81EB}"
EndProject
Project("{FAE04EC0-301F-11D3-BF4B-00C04F79EFBC}") = "ECommerce.WebAPI.IntegrationTests", "tests\ECommerce.WebAPI.IntegrationTests\ECommerce.WebAPI.IntegrationTests.csproj", "{92C8CA62-5E14-49F4-8172-31B77463A0D2}"
EndProject
Project("{2150E333-8FDC-42A3-9474-1A3956D46DE8}") = "Solution Items", "Solution Items", "{77BEA46E-D2DB-4258-9864-EFBC90A5CF7A}"
	ProjectSection(SolutionItems) = preProject
		compose.yaml = compose.yaml
		Directory.Packages.props = Directory.Packages.props
	EndProjectSection
EndProject
Global
	GlobalSection(SolutionConfigurationPlatforms) = preSolution
		Debug|Any CPU = Debug|Any CPU
		Release|Any CPU = Release|Any CPU
	EndGlobalSection
	GlobalSection(ProjectConfigurationPlatforms) = postSolution
		{D4C2F2C1-8F5D-4E7B-A9E5-8F3C3F5E6B9B}.Debug|Any CPU.ActiveCfg = Debug|Any CPU
		{D4C2F2C1-8F5D-4E7B-A9E5-8F3C3F5E6B9B}.Debug|Any CPU.Build.0 = Debug|Any CPU
		{D4C2F2C1-8F5D-4E7B-A9E5-8F3C3F5E6B9B}.Release|Any CPU.ActiveCfg = Release|Any CPU
		{D4C2F2C1-8F5D-4E7B-A9E5-8F3C3F5E6B9B}.Release|Any CPU.Build.0 = Release|Any CPU
		{D4C2F2C1-8F5D-4E7B-A9E5-8F3C3F5E6B9C}.Debug|Any CPU.ActiveCfg = Debug|Any CPU
		{D4C2F2C1-8F5D-4E7B-A9E5-8F3C3F5E6B9C}.Debug|Any CPU.Build.0 = Debug|Any CPU
		{D4C2F2C1-8F5D-4E7B-A9E5-8F3C3F5E6B9C}.Release|Any CPU.ActiveCfg = Release|Any CPU
		{D4C2F2C1-8F5D-4E7B-A9E5-8F3C3F5E6B9C}.Release|Any CPU.Build.0 = Release|Any CPU
		{45D894F8-26ED-4BF2-AB79-7BF56C10FA0A}.Debug|Any CPU.ActiveCfg = Debug|Any CPU
		{45D894F8-26ED-4BF2-AB79-7BF56C10FA0A}.Debug|Any CPU.Build.0 = Debug|Any CPU
		{45D894F8-26ED-4BF2-AB79-7BF56C10FA0A}.Release|Any CPU.ActiveCfg = Release|Any CPU
		{45D894F8-26ED-4BF2-AB79-7BF56C10FA0A}.Release|Any CPU.Build.0 = Release|Any CPU
		{B79867C7-F2BF-4D2E-80CE-AA263DB84E54}.Debug|Any CPU.ActiveCfg = Debug|Any CPU
		{B79867C7-F2BF-4D2E-80CE-AA263DB84E54}.Debug|Any CPU.Build.0 = Debug|Any CPU
		{B79867C7-F2BF-4D2E-80CE-AA263DB84E54}.Release|Any CPU.ActiveCfg = Release|Any CPU
		{B79867C7-F2BF-4D2E-80CE-AA263DB84E54}.Release|Any CPU.Build.0 = Release|Any CPU
		{55E9995F-5B44-403F-8A5D-47F3A0577BD3}.Debug|Any CPU.ActiveCfg = Debug|Any CPU
		{55E9995F-5B44-403F-8A5D-47F3A0577BD3}.Debug|Any CPU.Build.0 = Debug|Any CPU
		{55E9995F-5B44-403F-8A5D-47F3A0577BD3}.Release|Any CPU.ActiveCfg = Release|Any CPU
		{55E9995F-5B44-403F-8A5D-47F3A0577BD3}.Release|Any CPU.Build.0 = Release|Any CPU
		{BB407D70-6F54-4F50-8B81-7D429616D488}.Debug|Any CPU.ActiveCfg = Debug|Any CPU
		{BB407D70-6F54-4F50-8B81-7D429616D488}.Debug|Any CPU.Build.0 = Debug|Any CPU
		{BB407D70-6F54-4F50-8B81-7D429616D488}.Release|Any CPU.ActiveCfg = Release|Any CPU
		{BB407D70-6F54-4F50-8B81-7D429616D488}.Release|Any CPU.Build.0 = Release|Any CPU
		{90AA925D-A8A2-456A-929F-0D16F05FFA96}.Debug|Any CPU.ActiveCfg = Debug|Any CPU
		{90AA925D-A8A2-456A-929F-0D16F05FFA96}.Debug|Any CPU.Build.0 = Debug|Any CPU
		{90AA925D-A8A2-456A-929F-0D16F05FFA96}.Release|Any CPU.ActiveCfg = Release|Any CPU
		{90AA925D-A8A2-456A-929F-0D16F05FFA96}.Release|Any CPU.Build.0 = Release|Any CPU
		{4F1299E1-0D07-4E5E-B55D-FB3D4BA5F076}.Debug|Any CPU.ActiveCfg = Debug|Any CPU
		{4F1299E1-0D07-4E5E-B55D-FB3D4BA5F076}.Debug|Any CPU.Build.0 = Debug|Any CPU
		{4F1299E1-0D07-4E5E-B55D-FB3D4BA5F076}.Release|Any CPU.ActiveCfg = Release|Any CPU
		{4F1299E1-0D07-4E5E-B55D-FB3D4BA5F076}.Release|Any CPU.Build.0 = Release|Any CPU
		{4A73F856-E441-49B5-8C49-FCAEABA52F51}.Debug|Any CPU.ActiveCfg = Debug|Any CPU
		{4A73F856-E441-49B5-8C49-FCAEABA52F51}.Debug|Any CPU.Build.0 = Debug|Any CPU
		{4A73F856-E441-49B5-8C49-FCAEABA52F51}.Release|Any CPU.ActiveCfg = Release|Any CPU
		{4A73F856-E441-49B5-8C49-FCAEABA52F51}.Release|Any CPU.Build.0 = Release|Any CPU
		{FEB4B4AB-E5AC-428D-832D-5B96580B81EB}.Debug|Any CPU.ActiveCfg = Debug|Any CPU
		{FEB4B4AB-E5AC-428D-832D-5B96580B81EB}.Debug|Any CPU.Build.0 = Debug|Any CPU
		{FEB4B4AB-E5AC-428D-832D-5B96580B81EB}.Release|Any CPU.ActiveCfg = Release|Any CPU
		{FEB4B4AB-E5AC-428D-832D-5B96580B81EB}.Release|Any CPU.Build.0 = Release|Any CPU
		{92C8CA62-5E14-49F4-8172-31B77463A0D2}.Debug|Any CPU.ActiveCfg = Debug|Any CPU
		{92C8CA62-5E14-49F4-8172-31B77463A0D2}.Debug|Any CPU.Build.0 = Debug|Any CPU
		{92C8CA62-5E14-49F4-8172-31B77463A0D2}.Release|Any CPU.ActiveCfg = Release|Any CPU
		{92C8CA62-5E14-49F4-8172-31B77463A0D2}.Release|Any CPU.Build.0 = Release|Any CPU
	EndGlobalSection
	GlobalSection(SolutionProperties) = preSolution
		HideSolutionNode = FALSE
	EndGlobalSection
	GlobalSection(NestedProjects) = preSolution
		{5C3C1BF4-8E1D-4C9B-B2A3-76CECD8E5337} = {BFCF3A9A-3B1F-4A4B-BE3D-86F8E3F6C383}
		{E7A2C8F5-A3F5-4E7B-A9E5-8F3C3F5E6B9A} = {BFCF3A9A-3B1F-4A4B-BE3D-86F8E3F6C383}
		{D4C2F2C1-8F5D-4E7B-A9E5-8F3C3F5E6B9A} = {BFCF3A9A-3B1F-4A4B-BE3D-86F8E3F6C383}
		{D4C2F2C1-8F5D-4E7B-A9E5-8F3C3F5E6B9B} = {5C3C1BF4-8E1D-4C9B-B2A3-76CECD8E5337}
		{D4C2F2C1-8F5D-4E7B-A9E5-8F3C3F5E6B9C} = {5C3C1BF4-8E1D-4C9B-B2A3-76CECD8E5337}
		{45D894F8-26ED-4BF2-AB79-7BF56C10FA0A} = {E7A2C8F5-A3F5-4E7B-A9E5-8F3C3F5E6B9A}
		{B79867C7-F2BF-4D2E-80CE-AA263DB84E54} = {E7A2C8F5-A3F5-4E7B-A9E5-8F3C3F5E6B9A}
		{55E9995F-5B44-403F-8A5D-47F3A0577BD3} = {E7A2C8F5-A3F5-4E7B-A9E5-8F3C3F5E6B9A}
		{BB407D70-6F54-4F50-8B81-7D429616D488} = {5C3C1BF4-8E1D-4C9B-B2A3-76CECD8E5337}
		{90AA925D-A8A2-456A-929F-0D16F05FFA96} = {D4C2F2C1-8F5D-4E7B-A9E5-8F3C3F5E6B9A}
		{4F1299E1-0D07-4E5E-B55D-FB3D4BA5F076} = {D4C2F2C1-8F5D-4E7B-A9E5-8F3C3F5E6B12}
		{4A73F856-E441-49B5-8C49-FCAEABA52F51} = {D4C2F2C1-8F5D-4E7B-A9E5-8F3C3F5E6B12}
		{FEB4B4AB-E5AC-428D-832D-5B96580B81EB} = {D4C2F2C1-8F5D-4E7B-A9E5-8F3C3F5E6B12}
		{92C8CA62-5E14-49F4-8172-31B77463A0D2} = {D4C2F2C1-8F5D-4E7B-A9E5-8F3C3F5E6B12}
	EndGlobalSection
EndGlobal
